{
  "name": "@lion/input-tel",
  "version": "0.0.0",
  "lockfileVersion": 2,
  "requires": true,
  "packages": {
    "": {
      "name": "@lion/input-tel",
      "version": "0.0.0",
      "license": "MIT",
      "dependencies": {
        "@lion/core": "0.20.0",
        "@lion/form-core": "0.15.5",
        "@lion/input": "0.15.8",
        "@lion/localize": "0.22.0",
        "awesome-phonenumber": "^2.67.0",
        "google-libphonenumber": "^3.2.26"
      },
      "devDependencies": {
        "@types/google-libphonenumber": "^7.4.23"
      }
    },
    "node_modules/@bundled-es-modules/message-format": {
      "version": "6.0.4",
      "resolved": "https://registry.npmjs.org/@bundled-es-modules/message-format/-/message-format-6.0.4.tgz",
      "integrity": "sha512-NGUoPxqsBzDwvRhY3A3L/AhS1hzS9OWappfyDOyCwE7G3W4ua28gau7QwvJz7QzA6ArbAdeb8c1mLjvd1WUFAA=="
    },
    "node_modules/@lion/core": {
      "version": "0.20.0",
      "resolved": "https://registry.npmjs.org/@lion/core/-/core-0.20.0.tgz",
      "integrity": "sha512-CyJNGNMWkPI/kf9lhMnkZInrLLvmPQxt6qO7B60S2k7UNANd2R53zNgqTtllYp16Ej+4Mol9JoW2Ik6+1vq9ig==",
      "dependencies": {
        "@open-wc/dedupe-mixin": "^1.3.0",
        "@open-wc/scoped-elements": "^2.0.1",
        "lit": "^2.0.2"
      }
    },
    "node_modules/@lion/form-core": {
      "version": "0.15.5",
      "resolved": "https://registry.npmjs.org/@lion/form-core/-/form-core-0.15.5.tgz",
      "integrity": "sha512-SM27hqupHZ2eq4enaaX/dbIH6fTJYrISA378zZjCBPcYSDq39EXMgnzgGXWfZzi1DPEffbl2g6VKR+UGc8xRZg==",
      "dependencies": {
        "@lion/core": "0.20.0",
        "@lion/localize": "0.22.0"
      }
    },
    "node_modules/@lion/input": {
      "version": "0.15.8",
      "resolved": "https://registry.npmjs.org/@lion/input/-/input-0.15.8.tgz",
      "integrity": "sha512-IjvmBH1hPn7j4kO7zWexMwlLPB4lVUpp0pE24CsVAHWdwottWItaz6oW28NhFUPSKS6cMS5TYi4HrC0W5B5tCw==",
      "dependencies": {
        "@lion/form-core": "0.15.5"
      }
    },
    "node_modules/@lion/localize": {
      "version": "0.22.0",
      "resolved": "https://registry.npmjs.org/@lion/localize/-/localize-0.22.0.tgz",
      "integrity": "sha512-75q3Xp/5A2v39mWHTaCZXc3L6nO3DD2vU5w/WPFusW6mzMJw3nzB4ot665UrjbY/HJwQV7Trjh9c/O79oh5x8Q==",
      "dependencies": {
        "@bundled-es-modules/message-format": "6.0.4",
        "@lion/core": "0.20.0",
        "singleton-manager": "1.4.3"
      }
    },
    "node_modules/@lit/reactive-element": {
      "version": "1.2.0",
      "resolved": "https://registry.npmjs.org/@lit/reactive-element/-/reactive-element-1.2.0.tgz",
      "integrity": "sha512-7i/Fz8enAQ2AN5DyJ2i2AFERufjP6x1NjuHoNgDyJkjjHxEoo8kVyyHxu1A9YyeShlksjt5FvpvENBDuivQHLA=="
    },
    "node_modules/@open-wc/dedupe-mixin": {
      "version": "1.3.0",
      "resolved": "https://registry.npmjs.org/@open-wc/dedupe-mixin/-/dedupe-mixin-1.3.0.tgz",
      "integrity": "sha512-UfdK1MPnR6T7f3svzzYBfu3qBkkZ/KsPhcpc3JYhsUY4hbpwNF9wEQtD4Z+/mRqMTJrKg++YSxIxE0FBhY3RIw=="
    },
    "node_modules/@open-wc/scoped-elements": {
      "version": "2.0.1",
      "resolved": "https://registry.npmjs.org/@open-wc/scoped-elements/-/scoped-elements-2.0.1.tgz",
      "integrity": "sha512-JS6ozxUFwFX3+Er91v9yQzNIaFn7OnE0iESKTbFvkkKdNwvAPtp1fpckBKIvWk8Ae9ZcoI9DYZuT2DDbMPcadA==",
      "dependencies": {
        "@lit/reactive-element": "^1.0.0",
        "@open-wc/dedupe-mixin": "^1.3.0",
        "@webcomponents/scoped-custom-element-registry": "^0.0.3"
      }
    },
    "node_modules/@types/google-libphonenumber": {
      "version": "7.4.23",
      "resolved": "https://registry.npmjs.org/@types/google-libphonenumber/-/google-libphonenumber-7.4.23.tgz",
      "integrity": "sha512-C3ydakLTQa8HxtYf9ge4q6uT9krDX8smSIxmmW3oACFi5g5vv6T068PRExF7UyWbWpuYiDG8Nm24q2X5XhcZWw==",
      "dev": true
    },
    "node_modules/@types/trusted-types": {
      "version": "2.0.2",
      "resolved": "https://registry.npmjs.org/@types/trusted-types/-/trusted-types-2.0.2.tgz",
      "integrity": "sha512-F5DIZ36YVLE+PN+Zwws4kJogq47hNgX3Nx6WyDJ3kcplxyke3XIzB8uK5n/Lpm1HBsbGzd6nmGehL8cPekP+Tg=="
    },
    "node_modules/@webcomponents/scoped-custom-element-registry": {
      "version": "0.0.3",
      "resolved": "https://registry.npmjs.org/@webcomponents/scoped-custom-element-registry/-/scoped-custom-element-registry-0.0.3.tgz",
      "integrity": "sha512-lpSzgDCGbM99dytb3+J3Suo4+Bk1E13MPnWB42JK8GwxSAxFz+tC7TTv2hhDSIE2IirGNKNKCf3m08ecu6eAsQ=="
    },
    "node_modules/awesome-phonenumber": {
      "version": "2.67.0",
      "resolved": "https://registry.npmjs.org/awesome-phonenumber/-/awesome-phonenumber-2.67.0.tgz",
      "integrity": "sha512-ISE4VhdxkqIQlXuotdYGcoHlujpQhxihgOyVsuBTIQCVl1n0L1HFNX+euFw9ybS9I8+NbJlG03CysyLUbyDjNg==",
      "engines": {
        "node": ">=12"
      }
    },
    "node_modules/google-libphonenumber": {
      "version": "3.2.26",
      "resolved": "https://registry.npmjs.org/google-libphonenumber/-/google-libphonenumber-3.2.26.tgz",
      "integrity": "sha512-qyjAKef1oC2vG81RNy1f5Mk9lYE/H3HC885DCOlFs9ca3QfsqEUnXWOTPXTgEtHnTq1x3vpQgtDbX3Vba/o2ow==",
      "engines": {
        "node": ">=0.10"
      }
    },
    "node_modules/lit": {
      "version": "2.1.1",
      "resolved": "https://registry.npmjs.org/lit/-/lit-2.1.1.tgz",
      "integrity": "sha512-yqDqf36IhXwOxIQSFqCMgpfvDCRdxLCLZl7m/+tO5C9W/OBHUj17qZpiMBT35v97QMVKcKEi1KZ3hZRyTwBNsQ==",
      "dependencies": {
        "@lit/reactive-element": "^1.1.0",
        "lit-element": "^3.1.0",
        "lit-html": "^2.1.0"
      }
    },
    "node_modules/lit-element": {
      "version": "3.1.1",
      "resolved": "https://registry.npmjs.org/lit-element/-/lit-element-3.1.1.tgz",
      "integrity": "sha512-14ClnMAU8EXnzC+M2/KDd3SFmNUn1QUw1+GxWkEMwGV3iaH8ObunMlO5svzvaWlkSV0WlxJCi40NGnDVJ2XZKQ==",
      "dependencies": {
        "@lit/reactive-element": "^1.1.0",
        "lit-html": "^2.1.0"
      }
    },
    "node_modules/lit-html": {
      "version": "2.1.1",
      "resolved": "https://registry.npmjs.org/lit-html/-/lit-html-2.1.1.tgz",
      "integrity": "sha512-E4BImK6lopAYanJpvcGaAG8kQFF1ccIulPu2BRNZI7acFB6i4ujjjsnaPVFT1j/4lD9r8GKih0Y8d7/LH8SeyQ==",
      "dependencies": {
        "@types/trusted-types": "^2.0.2"
      }
    },
    "node_modules/singleton-manager": {
      "version": "1.4.3",
      "resolved": "https://registry.npmjs.org/singleton-manager/-/singleton-manager-1.4.3.tgz",
      "integrity": "sha512-Jy1Ib9cO9xCQ6UZ/vyFOqqWMnSpfZ8/Sc2vme944aWsCLO+lMPiFG9kGZGpyiRT9maYeI0JyZH1CGgjmkSN8VA=="
    }
  },
  "dependencies": {
    "@bundled-es-modules/message-format": {
      "version": "6.0.4",
      "resolved": "https://registry.npmjs.org/@bundled-es-modules/message-format/-/message-format-6.0.4.tgz",
      "integrity": "sha512-NGUoPxqsBzDwvRhY3A3L/AhS1hzS9OWappfyDOyCwE7G3W4ua28gau7QwvJz7QzA6ArbAdeb8c1mLjvd1WUFAA=="
    },
    "@lion/core": {
      "version": "0.20.0",
      "resolved": "https://registry.npmjs.org/@lion/core/-/core-0.20.0.tgz",
      "integrity": "sha512-CyJNGNMWkPI/kf9lhMnkZInrLLvmPQxt6qO7B60S2k7UNANd2R53zNgqTtllYp16Ej+4Mol9JoW2Ik6+1vq9ig==",
      "requires": {
        "@open-wc/dedupe-mixin": "^1.3.0",
        "@open-wc/scoped-elements": "^2.0.1",
        "lit": "^2.0.2"
      }
    },
    "@lion/form-core": {
      "version": "0.15.5",
      "resolved": "https://registry.npmjs.org/@lion/form-core/-/form-core-0.15.5.tgz",
      "integrity": "sha512-SM27hqupHZ2eq4enaaX/dbIH6fTJYrISA378zZjCBPcYSDq39EXMgnzgGXWfZzi1DPEffbl2g6VKR+UGc8xRZg==",
      "requires": {
        "@lion/core": "0.20.0",
        "@lion/localize": "0.22.0"
      }
    },
    "@lion/input": {
      "version": "0.15.8",
      "resolved": "https://registry.npmjs.org/@lion/input/-/input-0.15.8.tgz",
      "integrity": "sha512-IjvmBH1hPn7j4kO7zWexMwlLPB4lVUpp0pE24CsVAHWdwottWItaz6oW28NhFUPSKS6cMS5TYi4HrC0W5B5tCw==",
      "requires": {
        "@lion/form-core": "0.15.5"
      }
    },
    "@lion/localize": {
      "version": "0.22.0",
      "resolved": "https://registry.npmjs.org/@lion/localize/-/localize-0.22.0.tgz",
      "integrity": "sha512-75q3Xp/5A2v39mWHTaCZXc3L6nO3DD2vU5w/WPFusW6mzMJw3nzB4ot665UrjbY/HJwQV7Trjh9c/O79oh5x8Q==",
      "requires": {
        "@bundled-es-modules/message-format": "6.0.4",
        "@lion/core": "0.20.0",
        "singleton-manager": "1.4.3"
      }
    },
    "@lit/reactive-element": {
      "version": "1.2.0",
      "resolved": "https://registry.npmjs.org/@lit/reactive-element/-/reactive-element-1.2.0.tgz",
      "integrity": "sha512-7i/Fz8enAQ2AN5DyJ2i2AFERufjP6x1NjuHoNgDyJkjjHxEoo8kVyyHxu1A9YyeShlksjt5FvpvENBDuivQHLA=="
    },
    "@open-wc/dedupe-mixin": {
      "version": "1.3.0",
      "resolved": "https://registry.npmjs.org/@open-wc/dedupe-mixin/-/dedupe-mixin-1.3.0.tgz",
      "integrity": "sha512-UfdK1MPnR6T7f3svzzYBfu3qBkkZ/KsPhcpc3JYhsUY4hbpwNF9wEQtD4Z+/mRqMTJrKg++YSxIxE0FBhY3RIw=="
    },
    "@open-wc/scoped-elements": {
      "version": "2.0.1",
      "resolved": "https://registry.npmjs.org/@open-wc/scoped-elements/-/scoped-elements-2.0.1.tgz",
      "integrity": "sha512-JS6ozxUFwFX3+Er91v9yQzNIaFn7OnE0iESKTbFvkkKdNwvAPtp1fpckBKIvWk8Ae9ZcoI9DYZuT2DDbMPcadA==",
      "requires": {
        "@lit/reactive-element": "^1.0.0",
        "@open-wc/dedupe-mixin": "^1.3.0",
        "@webcomponents/scoped-custom-element-registry": "^0.0.3"
      }
    },
    "@types/google-libphonenumber": {
      "version": "7.4.23",
      "resolved": "https://registry.npmjs.org/@types/google-libphonenumber/-/google-libphonenumber-7.4.23.tgz",
      "integrity": "sha512-C3ydakLTQa8HxtYf9ge4q6uT9krDX8smSIxmmW3oACFi5g5vv6T068PRExF7UyWbWpuYiDG8Nm24q2X5XhcZWw==",
      "dev": true
    },
    "@types/trusted-types": {
      "version": "2.0.2",
      "resolved": "https://registry.npmjs.org/@types/trusted-types/-/trusted-types-2.0.2.tgz",
      "integrity": "sha512-F5DIZ36YVLE+PN+Zwws4kJogq47hNgX3Nx6WyDJ3kcplxyke3XIzB8uK5n/Lpm1HBsbGzd6nmGehL8cPekP+Tg=="
    },
    "@webcomponents/scoped-custom-element-registry": {
      "version": "0.0.3",
      "resolved": "https://registry.npmjs.org/@webcomponents/scoped-custom-element-registry/-/scoped-custom-element-registry-0.0.3.tgz",
      "integrity": "sha512-lpSzgDCGbM99dytb3+J3Suo4+Bk1E13MPnWB42JK8GwxSAxFz+tC7TTv2hhDSIE2IirGNKNKCf3m08ecu6eAsQ=="
    },
    "awesome-phonenumber": {
      "version": "2.67.0",
      "resolved": "https://registry.npmjs.org/awesome-phonenumber/-/awesome-phonenumber-2.67.0.tgz",
      "integrity": "sha512-ISE4VhdxkqIQlXuotdYGcoHlujpQhxihgOyVsuBTIQCVl1n0L1HFNX+euFw9ybS9I8+NbJlG03CysyLUbyDjNg=="
    },
    "google-libphonenumber": {
      "version": "3.2.26",
      "resolved": "https://registry.npmjs.org/google-libphonenumber/-/google-libphonenumber-3.2.26.tgz",
      "integrity": "sha512-qyjAKef1oC2vG81RNy1f5Mk9lYE/H3HC885DCOlFs9ca3QfsqEUnXWOTPXTgEtHnTq1x3vpQgtDbX3Vba/o2ow=="
    },
    "lit": {
      "version": "2.1.1",
      "resolved": "https://registry.npmjs.org/lit/-/lit-2.1.1.tgz",
      "integrity": "sha512-yqDqf36IhXwOxIQSFqCMgpfvDCRdxLCLZl7m/+tO5C9W/OBHUj17qZpiMBT35v97QMVKcKEi1KZ3hZRyTwBNsQ==",
      "requires": {
        "@lit/reactive-element": "^1.1.0",
        "lit-element": "^3.1.0",
        "lit-html": "^2.1.0"
      }
    },
    "lit-element": {
      "version": "3.1.1",
      "resolved": "https://registry.npmjs.org/lit-element/-/lit-element-3.1.1.tgz",
      "integrity": "sha512-14ClnMAU8EXnzC+M2/KDd3SFmNUn1QUw1+GxWkEMwGV3iaH8ObunMlO5svzvaWlkSV0WlxJCi40NGnDVJ2XZKQ==",
      "requires": {
        "@lit/reactive-element": "^1.1.0",
        "lit-html": "^2.1.0"
      }
    },
    "lit-html": {
      "version": "2.1.1",
      "resolved": "https://registry.npmjs.org/lit-html/-/lit-html-2.1.1.tgz",
      "integrity": "sha512-E4BImK6lopAYanJpvcGaAG8kQFF1ccIulPu2BRNZI7acFB6i4ujjjsnaPVFT1j/4lD9r8GKih0Y8d7/LH8SeyQ==",
      "requires": {
        "@types/trusted-types": "^2.0.2"
      }
    },
    "singleton-manager": {
      "version": "1.4.3",
      "resolved": "https://registry.npmjs.org/singleton-manager/-/singleton-manager-1.4.3.tgz",
      "integrity": "sha512-Jy1Ib9cO9xCQ6UZ/vyFOqqWMnSpfZ8/Sc2vme944aWsCLO+lMPiFG9kGZGpyiRT9maYeI0JyZH1CGgjmkSN8VA=="
    }
  }
}
